
Microsoft Visual Studio Solution File, Format Version 12.00
# Visual Studio Version 17
VisualStudioVersion = 17.3.32819.101
MinimumVisualStudioVersion = 10.0.40219.1
Project("{FAE04EC0-301F-11D3-BF4B-00C04F79EFBC}") = "AssemblyTask", "AssemblyTask.csproj", "{760148E3-2136-4B49-9647-913F4A890A90}"
EndProject
Global
	GlobalSection(SolutionConfigurationPlatforms) = preSolution
		Debug|Any CPU = Debug|Any CPU
		Release|Any CPU = Release|Any CPU
	EndGlobalSection
	GlobalSection(ProjectConfigurationPlatforms) = postSolution
		{760148E3-2136-4B49-9647-913F4A890A90}.Debug|Any CPU.ActiveCfg = Debug|Any CPU
		{760148E3-2136-4B49-9647-913F4A890A90}.Debug|Any CPU.Build.0 = Debug|Any CPU
		{760148E3-2136-4B49-9647-913F4A890A90}.Release|Any CPU.ActiveCfg = Release|Any CPU
		{760148E3-2136-4B49-9647-913F4A890A90}.Release|Any CPU.Build.0 = Release|Any CPU
	EndGlobalSection
	GlobalSection(SolutionProperties) = preSolution
		HideSolutionNode = FALSE
	EndGlobalSection
	GlobalSection(ExtensibilityGlobals) = postSolution
		SolutionGuid = {C7D2C5F1-7D07-4318-BC24-38078FF972E4}
	EndGlobalSection
EndGlobal
